
Microsoft Visual Studio Solution File, Format Version 12.00
# Visual Studio Version 17
VisualStudioVersion = 17.11.35327.3
MinimumVisualStudioVersion = 10.0.40219.1
Project("{2150E333-8FDC-42A3-9474-1A3956D46DE8}") = "WindowsForm", "WindowsForm", "{6CA4D76C-AAC9-49B2-B009-04D5D178084D}"
EndProject
Project("{FAE04EC0-301F-11D3-BF4B-00C04F79EFBC}") = "Martinez_BankApp", "WindowsForms\Martinez_BankApp.csproj", "{843A5865-D90F-420E-8EAF-FC0D68593128}"
EndProject
Project("{00D1A9C2-B5F0-4AF3-8072-F6C62B433612}") = "BankDB", "BankDB\BankDB.sqlproj", "{1B6603F1-7C1F-437C-9B11-38C9BE518447}"
EndProject
Global
	GlobalSection(SolutionConfigurationPlatforms) = preSolution
		Debug|Any CPU = Debug|Any CPU
		Release|Any CPU = Release|Any CPU
	EndGlobalSection
	GlobalSection(ProjectConfigurationPlatforms) = postSolution
		{843A5865-D90F-420E-8EAF-FC0D68593128}.Debug|Any CPU.ActiveCfg = Debug|Any CPU
		{843A5865-D90F-420E-8EAF-FC0D68593128}.Debug|Any CPU.Build.0 = Debug|Any CPU
		{843A5865-D90F-420E-8EAF-FC0D68593128}.Release|Any CPU.ActiveCfg = Release|Any CPU
		{843A5865-D90F-420E-8EAF-FC0D68593128}.Release|Any CPU.Build.0 = Release|Any CPU
		{1B6603F1-7C1F-437C-9B11-38C9BE518447}.Debug|Any CPU.ActiveCfg = Debug|Any CPU
		{1B6603F1-7C1F-437C-9B11-38C9BE518447}.Debug|Any CPU.Build.0 = Debug|Any CPU
		{1B6603F1-7C1F-437C-9B11-38C9BE518447}.Debug|Any CPU.Deploy.0 = Debug|Any CPU
		{1B6603F1-7C1F-437C-9B11-38C9BE518447}.Release|Any CPU.ActiveCfg = Release|Any CPU
		{1B6603F1-7C1F-437C-9B11-38C9BE518447}.Release|Any CPU.Build.0 = Release|Any CPU
		{1B6603F1-7C1F-437C-9B11-38C9BE518447}.Release|Any CPU.Deploy.0 = Release|Any CPU
	EndGlobalSection
	GlobalSection(SolutionProperties) = preSolution
		HideSolutionNode = FALSE
	EndGlobalSection
	GlobalSection(ExtensibilityGlobals) = postSolution
		SolutionGuid = {374288EA-0958-4242-8FE2-B3729C0C4408}
	EndGlobalSection
EndGlobal
